{
  "format_version": "1.2",
  "terraform_version": "1.7.4",
  "planned_values": {
    "root_module": {
      "resources": [
        {
          "address": "aws_instance.app_server",
          "mode": "managed",
          "type": "aws_instance",
          "name": "app_server",
          "provider_name": "registry.terraform.io/hashicorp/aws",
          "schema_version": 1,
          "values": {
            "ami": "ami-83008d70e59c07c61a3ac94e3",
            "credit_specification": [],
            "get_password_data": false,
            "hibernation": null,
            "instance_type": "t2.micro",
            "launch_template": [],
            "source_dest_check": true,
            "tags": {
              "Name": "myec2"
            },
            "tags_all": {
              "Name": "myec2"
            },
            "timeouts": null,
            "user_data_replace_on_change": false,
            "volume_tags": null
          },
          "sensitive_values": {
            "capacity_reservation_specification": [],
            "cpu_options": [],
            "credit_specification": [],
            "ebs_block_device": [],
            "enclave_options": [],
            "ephemeral_block_device": [],
            "instance_market_options": [],
            "ipv6_addresses": [],
            "launch_template": [],
            "maintenance_options": [],
            "metadata_options": [],
            "network_interface": [],
            "private_dns_name_options": [],
            "root_block_device": [],
            "secondary_private_ips": [],
            "security_groups": [],
            "tags": {},
            "tags_all": {},
            "vpc_security_group_ids": []
          }
        }
      ]
    }
  },
  "resource_changes": [
    {
      "address": "aws_instance.app_server",
      "mode": "managed",
      "type": "aws_instance",
      "name": "app_server",
      "provider_name": "registry.terraform.io/hashicorp/aws",
      "change": {
        "actions": [
          "create"
        ],
        "before": null,
        "after": {
          "ami": "ami-83008d70e59c07c61a3ac94e3",
          "credit_specification": [],
          "get_password_data": false,
          "hibernation": null,
          "instance_type": "t2.micro",
          "launch_template": [],
          "source_dest_check": true,
          "tags": {
            "Name": "myec2"
          },
          "tags_all": {
            "Name": "myec2"
          },
          "timeouts": null,
          "user_data_replace_on_change": false,
          "volume_tags": null
        },
        "after_unknown": {
          "arn": true,
          "associate_public_ip_address": true,
          "availability_zone": true,
          "capacity_reservation_specification": true,
          "cpu_core_count": true,
          "cpu_options": true,
          "cpu_threads_per_core": true,
          "credit_specification": [],
          "disable_api_stop": true,
          "disable_api_termination": true,
          "ebs_block_device": true,
          "ebs_optimized": true,
          "enclave_options": true,
          "ephemeral_block_device": true,
          "host_id": true,
          "host_resource_group_arn": true,
          "iam_instance_profile": true,
          "id": true,
          "instance_initiated_shutdown_behavior": true,
          "instance_lifecycle": true,
          "instance_market_options": true,
          "instance_state": true,
          "ipv6_address_count": true,
          "ipv6_addresses": true,
          "key_name": true,
          "launch_template": [],
          "maintenance_options": true,
          "metadata_options": true,
          "monitoring": true,
          "network_interface": true,
          "outpost_arn": true,
          "password_data": true,
          "placement_group": true,
          "placement_partition_number": true,
          "primary_network_interface_id": true,
          "private_dns": true,
          "private_dns_name_options": true,
          "private_ip": true,
          "public_dns": true,
          "public_ip": true,
          "root_block_device": true,
          "secondary_private_ips": true,
          "security_groups": true,
          "spot_instance_request_id": true,
          "subnet_id": true,
          "tags": {},
          "tags_all": {},
          "tenancy": true,
          "user_data": true,
          "user_data_base64": true,
          "vpc_security_group_ids": true
        },
        "before_sensitive": false,
        "after_sensitive": {
          "capacity_reservation_specification": [],
          "cpu_options": [],
          "credit_specification": [],
          "ebs_block_device": [],
          "enclave_options": [],
          "ephemeral_block_device": [],
          "instance_market_options": [],
          "ipv6_addresses": [],
          "launch_template": [],
          "maintenance_options": [],
          "metadata_options": [],
          "network_interface": [],
          "private_dns_name_options": [],
          "root_block_device": [],
          "secondary_private_ips": [],
          "security_groups": [],
          "tags": {},
          "tags_all": {},
          "vpc_security_group_ids": []
        }
      }
    }
  ],
  "configuration": {
    "provider_config": {
      "aws": {
        "name": "aws",
        "full_name": "registry.terraform.io/hashicorp/aws",
        "expressions": {
          "access_key": {
            "constant_value": "test"
          },
          "endpoints": [
            {
              "acm": {
                "constant_value": "http://localhost:4566"
              },
              "amplify": {
                "constant_value": "http://localhost:4566"
              },
              "apigateway": {
                "constant_value": "http://localhost:4566"
              },
              "apigatewayv2": {
                "constant_value": "http://localhost:4566"
              },
              "appconfig": {
                "constant_value": "http://localhost:4566"
              },
              "appflow": {
                "constant_value": "http://localhost:4566"
              },
              "applicationautoscaling": {
                "constant_value": "http://localhost:4566"
              },
              "appsync": {
                "constant_value": "http://localhost:4566"
              },
              "athena": {
                "constant_value": "http://localhost:4566"
              },
              "autoscaling": {
                "constant_value": "http://localhost:4566"
              },
              "backup": {
                "constant_value": "http://localhost:4566"
              },
              "batch": {
                "constant_value": "http://localhost:4566"
              },
              "cloudformation": {
                "constant_value": "http://localhost:4566"
              },
              "cloudfront": {
                "constant_value": "http://localhost:4566"
              },
              "cloudsearch": {
                "constant_value": "http://localhost:4566"
              },
              "cloudtrail": {
                "constant_value": "http://localhost:4566"
              },
              "cloudwatch": {
                "constant_value": "http://localhost:4566"
              },
              "cloudwatchlogs": {
                "constant_value": "http://localhost:4566"
              },
              "codecommit": {
                "constant_value": "http://localhost:4566"
              },
              "cognitoidentity": {
                "constant_value": "http://localhost:4566"
              },
              "cognitoidp": {
                "constant_value": "http://localhost:4566"
              },
              "config": {
                "constant_value": "http://localhost:4566"
              },
              "configservice": {
                "constant_value": "http://localhost:4566"
              },
              "costexplorer": {
                "constant_value": "http://localhost:4566"
              },
              "docdb": {
                "constant_value": "http://localhost:4566"
              },
              "dynamodb": {
                "constant_value": "http://localhost:4566"
              },
              "ec2": {
                "constant_value": "http://localhost:4566"
              },
              "ecr": {
                "constant_value": "http://localhost:4566"
              },
              "ecs": {
                "constant_value": "http://localhost:4566"
              },
              "efs": {
                "constant_value": "http://localhost:4566"
              },
              "eks": {
                "constant_value": "http://localhost:4566"
              },
              "elasticache": {
                "constant_value": "http://localhost:4566"
              },
              "elasticbeanstalk": {
                "constant_value": "http://localhost:4566"
              },
              "elasticsearch": {
                "constant_value": "http://localhost:4566"
              },
              "elb": {
                "constant_value": "http://localhost:4566"
              },
              "elbv2": {
                "constant_value": "http://localhost:4566"
              },
              "emr": {
                "constant_value": "http://localhost:4566"
              },
              "es": {
                "constant_value": "http://localhost:4566"
              },
              "events": {
                "constant_value": "http://localhost:4566"
              },
              "firehose": {
                "constant_value": "http://localhost:4566"
              },
              "fis": {
                "constant_value": "http://localhost:4566"
              },
              "glacier": {
                "constant_value": "http://localhost:4566"
              },
              "glue": {
                "constant_value": "http://localhost:4566"
              },
              "iam": {
                "constant_value": "http://localhost:4566"
              },
              "iot": {
                "constant_value": "http://localhost:4566"
              },
              "iotanalytics": {
                "constant_value": "http://localhost:4566"
              },
              "iotevents": {
                "constant_value": "http://localhost:4566"
              },
              "kafka": {
                "constant_value": "http://localhost:4566"
              },
              "keyspaces": {
                "constant_value": "http://localhost:4566"
              },
              "kinesis": {
                "constant_value": "http://localhost:4566"
              },
              "kinesisanalytics": {
                "constant_value": "http://localhost:4566"
              },
              "kinesisanalyticsv2": {
                "constant_value": "http://localhost:4566"
              },
              "kms": {
                "constant_value": "http://localhost:4566"
              },
              "lakeformation": {
                "constant_value": "http://localhost:4566"
              },
              "lambda": {
                "constant_value": "http://localhost:4566"
              },
              "mediaconvert": {
                "constant_value": "http://localhost:4566"
              },
              "mediastore": {
                "constant_value": "http://localhost:4566"
              },
              "mq": {
                "constant_value": "http://localhost:4566"
              },
              "mwaa": {
                "constant_value": "http://mwaa.localhost.localstack.cloud:4566"
              },
              "neptune": {
                "constant_value": "http://localhost:4566"
              },
              "opensearch": {
                "constant_value": "http://localhost:4566"
              },
              "organizations": {
                "constant_value": "http://localhost:4566"
              },
              "qldb": {
                "constant_value": "http://localhost:4566"
              },
              "ram": {
                "constant_value": "http://localhost:4566"
              },
              "rds": {
                "constant_value": "http://localhost:4566"
              },
              "redshift": {
                "constant_value": "http://localhost:4566"
              },
              "redshiftdata": {
                "constant_value": "http://localhost:4566"
              },
              "resourcegroups": {
                "constant_value": "http://localhost:4566"
              },
              "resourcegroupstaggingapi": {
                "constant_value": "http://localhost:4566"
              },
              "route53": {
                "constant_value": "http://localhost:4566"
              },
              "route53domains": {
                "constant_value": "http://localhost:4566"
              },
              "route53resolver": {
                "constant_value": "http://localhost:4566"
              },
              "s3": {
                "constant_value": "http://s3.localhost.localstack.cloud:4566"
              },
              "s3control": {
                "constant_value": "http://localhost:4566"
              },
              "sagemaker": {
                "constant_value": "http://localhost:4566"
              },
              "scheduler": {
                "constant_value": "http://localhost:4566"
              },
              "secretsmanager": {
                "constant_value": "http://localhost:4566"
              },
              "serverlessrepo": {
                "constant_value": "http://localhost:4566"
              },
              "servicediscovery": {
                "constant_value": "http://localhost:4566"
              },
              "ses": {
                "constant_value": "http://localhost:4566"
              },
              "sesv2": {
                "constant_value": "http://localhost:4566"
              },
              "sns": {
                "constant_value": "http://localhost:4566"
              },
              "sqs": {
                "constant_value": "http://localhost:4566"
              },
              "ssm": {
                "constant_value": "http://localhost:4566"
              },
              "stepfunctions": {
                "constant_value": "http://localhost:4566"
              },
              "sts": {
                "constant_value": "http://localhost:4566"
              },
              "swf": {
                "constant_value": "http://localhost:4566"
              },
              "timestreamwrite": {
                "constant_value": "http://localhost:4566"
              },
              "transcribe": {
                "constant_value": "http://localhost:4566"
              },
              "transfer": {
                "constant_value": "http://localhost:4566"
              },
              "waf": {
                "constant_value": "http://localhost:4566"
              },
              "wafv2": {
                "constant_value": "http://localhost:4566"
              },
              "xray": {
                "constant_value": "http://localhost:4566"
              }
            }
          ],
          "region": {
            "constant_value": "us-east-1"
          },
          "secret_key": {
            "constant_value": "test"
          },
          "skip_credentials_validation": {
            "constant_value": true
          },
          "skip_metadata_api_check": {
            "constant_value": true
          }
        }
      }
    },
    "root_module": {
      "resources": [
        {
          "address": "aws_instance.app_server",
          "mode": "managed",
          "type": "aws_instance",
          "name": "app_server",
          "provider_config_key": "aws",
          "expressions": {
            "ami": {
              "constant_value": "ami-83008d70e59c07c61a3ac94e3"
            },
            "instance_type": {
              "constant_value": "t2.micro"
            },
            "tags": {
              "constant_value": {
                "Name": "myec2"
              }
            }
          },
          "schema_version": 1
        }
      ]
    }
  },
  "timestamp": "2024-03-07T20:22:38Z",
  "errored": false
}
